
Microsoft Visual Studio Solution File, Format Version 12.00
# Visual Studio Version 17
VisualStudioVersion = 17.9.34728.123
MinimumVisualStudioVersion = 10.0.40219.1
Project("{FAE04EC0-301F-11D3-BF4B-00C04F79EFBC}") = "横纵断面", "横纵断面\横纵断面.csproj", "{12359139-4C8A-48C9-A64A-A378F8018223}"
EndProject
Global
	GlobalSection(SolutionConfigurationPlatforms) = preSolution
		Debug|Any CPU = Debug|Any CPU
		Release|Any CPU = Release|Any CPU
	EndGlobalSection
	GlobalSection(ProjectConfigurationPlatforms) = postSolution
		{12359139-4C8A-48C9-A64A-A378F8018223}.Debug|Any CPU.ActiveCfg = Debug|Any CPU
		{12359139-4C8A-48C9-A64A-A378F8018223}.Debug|Any CPU.Build.0 = Debug|Any CPU
		{12359139-4C8A-48C9-A64A-A378F8018223}.Release|Any CPU.ActiveCfg = Release|Any CPU
		{12359139-4C8A-48C9-A64A-A378F8018223}.Release|Any CPU.Build.0 = Release|Any CPU
	EndGlobalSection
	GlobalSection(SolutionProperties) = preSolution
		HideSolutionNode = FALSE
	EndGlobalSection
	GlobalSection(ExtensibilityGlobals) = postSolution
		SolutionGuid = {712369F1-831D-4EC9-B6B0-B89773799855}
	EndGlobalSection
EndGlobal
